
Microsoft Visual Studio Solution File, Format Version 12.00
# Visual Studio Version 17
VisualStudioVersion = 17.5.33530.505
MinimumVisualStudioVersion = 10.0.40219.1
Project("{9A19103F-16F7-4668-BE54-9A1E7A4F7556}") = "Biblioteca de Classes Gerenciamento Escolar", "Biblioteca de Classes Gerenciamento Escolar.csproj", "{A91E29AA-41D7-4208-BF85-9AE2BA9B81BE}"
EndProject
Project("{9A19103F-16F7-4668-BE54-9A1E7A4F7556}") = "Banco de Dados", "..\Banco de Dados\Banco de Dados.csproj", "{FB721D68-FCD9-4E65-AC5E-97D783FC685A}"
EndProject
Project("{FAE04EC0-301F-11D3-BF4B-00C04F79EFBC}") = "Aplicacao", "..\Aplicacao\Aplicacao.csproj", "{BF5D6F31-6CB7-40AB-8986-D058DF9701BB}"
EndProject
Global
	GlobalSection(SolutionConfigurationPlatforms) = preSolution
		Debug|Any CPU = Debug|Any CPU
		Release|Any CPU = Release|Any CPU
	EndGlobalSection
	GlobalSection(ProjectConfigurationPlatforms) = postSolution
		{A91E29AA-41D7-4208-BF85-9AE2BA9B81BE}.Debug|Any CPU.ActiveCfg = Debug|Any CPU
		{A91E29AA-41D7-4208-BF85-9AE2BA9B81BE}.Debug|Any CPU.Build.0 = Debug|Any CPU
		{A91E29AA-41D7-4208-BF85-9AE2BA9B81BE}.Release|Any CPU.ActiveCfg = Release|Any CPU
		{A91E29AA-41D7-4208-BF85-9AE2BA9B81BE}.Release|Any CPU.Build.0 = Release|Any CPU
		{FB721D68-FCD9-4E65-AC5E-97D783FC685A}.Debug|Any CPU.ActiveCfg = Debug|Any CPU
		{FB721D68-FCD9-4E65-AC5E-97D783FC685A}.Debug|Any CPU.Build.0 = Debug|Any CPU
		{FB721D68-FCD9-4E65-AC5E-97D783FC685A}.Release|Any CPU.ActiveCfg = Release|Any CPU
		{FB721D68-FCD9-4E65-AC5E-97D783FC685A}.Release|Any CPU.Build.0 = Release|Any CPU
		{BF5D6F31-6CB7-40AB-8986-D058DF9701BB}.Debug|Any CPU.ActiveCfg = Debug|Any CPU
		{BF5D6F31-6CB7-40AB-8986-D058DF9701BB}.Debug|Any CPU.Build.0 = Debug|Any CPU
		{BF5D6F31-6CB7-40AB-8986-D058DF9701BB}.Release|Any CPU.ActiveCfg = Release|Any CPU
		{BF5D6F31-6CB7-40AB-8986-D058DF9701BB}.Release|Any CPU.Build.0 = Release|Any CPU
	EndGlobalSection
	GlobalSection(SolutionProperties) = preSolution
		HideSolutionNode = FALSE
	EndGlobalSection
	GlobalSection(ExtensibilityGlobals) = postSolution
		SolutionGuid = {2B1CC83E-4921-4B55-B52E-F274A7CFE0F1}
	EndGlobalSection
EndGlobal
